
Microsoft Visual Studio Solution File, Format Version 12.00
# Visual Studio Version 17
VisualStudioVersion = 17.2.32630.192
MinimumVisualStudioVersion = 10.0.40219.1
Project("{FAE04EC0-301F-11D3-BF4B-00C04F79EFBC}") = "Entities", "Entities\Entities.csproj", "{9AA2371F-FAFC-476C-BD1F-DCC8758FD1CD}"
EndProject
Project("{FAE04EC0-301F-11D3-BF4B-00C04F79EFBC}") = "DataAccess", "DataAccess\DataAccess.csproj", "{7BA69DFA-7371-47B1-AB1C-679D6D233AE9}"
EndProject
Project("{FAE04EC0-301F-11D3-BF4B-00C04F79EFBC}") = "Business", "Business\Business.csproj", "{4049C1D1-7235-461C-86C4-E20F40A1EAA1}"
EndProject
Project("{FAE04EC0-301F-11D3-BF4B-00C04F79EFBC}") = "ConsoleUI", "ConsoleUI\ConsoleUI.csproj", "{55770ECC-258F-4323-B250-A5B70EF94B0D}"
EndProject
Global
	GlobalSection(SolutionConfigurationPlatforms) = preSolution
		Debug|Any CPU = Debug|Any CPU
		Release|Any CPU = Release|Any CPU
	EndGlobalSection
	GlobalSection(ProjectConfigurationPlatforms) = postSolution
		{9AA2371F-FAFC-476C-BD1F-DCC8758FD1CD}.Debug|Any CPU.ActiveCfg = Debug|Any CPU
		{9AA2371F-FAFC-476C-BD1F-DCC8758FD1CD}.Debug|Any CPU.Build.0 = Debug|Any CPU
		{9AA2371F-FAFC-476C-BD1F-DCC8758FD1CD}.Release|Any CPU.ActiveCfg = Release|Any CPU
		{9AA2371F-FAFC-476C-BD1F-DCC8758FD1CD}.Release|Any CPU.Build.0 = Release|Any CPU
		{7BA69DFA-7371-47B1-AB1C-679D6D233AE9}.Debug|Any CPU.ActiveCfg = Debug|Any CPU
		{7BA69DFA-7371-47B1-AB1C-679D6D233AE9}.Debug|Any CPU.Build.0 = Debug|Any CPU
		{7BA69DFA-7371-47B1-AB1C-679D6D233AE9}.Release|Any CPU.ActiveCfg = Release|Any CPU
		{7BA69DFA-7371-47B1-AB1C-679D6D233AE9}.Release|Any CPU.Build.0 = Release|Any CPU
		{4049C1D1-7235-461C-86C4-E20F40A1EAA1}.Debug|Any CPU.ActiveCfg = Debug|Any CPU
		{4049C1D1-7235-461C-86C4-E20F40A1EAA1}.Debug|Any CPU.Build.0 = Debug|Any CPU
		{4049C1D1-7235-461C-86C4-E20F40A1EAA1}.Release|Any CPU.ActiveCfg = Release|Any CPU
		{4049C1D1-7235-461C-86C4-E20F40A1EAA1}.Release|Any CPU.Build.0 = Release|Any CPU
		{55770ECC-258F-4323-B250-A5B70EF94B0D}.Debug|Any CPU.ActiveCfg = Debug|Any CPU
		{55770ECC-258F-4323-B250-A5B70EF94B0D}.Debug|Any CPU.Build.0 = Debug|Any CPU
		{55770ECC-258F-4323-B250-A5B70EF94B0D}.Release|Any CPU.ActiveCfg = Release|Any CPU
		{55770ECC-258F-4323-B250-A5B70EF94B0D}.Release|Any CPU.Build.0 = Release|Any CPU
	EndGlobalSection
	GlobalSection(SolutionProperties) = preSolution
		HideSolutionNode = FALSE
	EndGlobalSection
	GlobalSection(ExtensibilityGlobals) = postSolution
		SolutionGuid = {422E0F76-453B-4CA2-B7E9-BA11EFD0B934}
	EndGlobalSection
EndGlobal
